
Microsoft Visual Studio Solution File, Format Version 12.00
# Visual Studio 15
VisualStudioVersion = 15.0.28307.572
MinimumVisualStudioVersion = 10.0.40219.1
Project("{FAE04EC0-301F-11D3-BF4B-00C04F79EFBC}") = "COM", "COM\COM.csproj", "{C8F76832-414C-45D9-BE95-530727D33CE3}"
EndProject
Global
	GlobalSection(SolutionConfigurationPlatforms) = preSolution
		Debug|Any CPU = Debug|Any CPU
		Release|Any CPU = Release|Any CPU
	EndGlobalSection
	GlobalSection(ProjectConfigurationPlatforms) = postSolution
		{C8F76832-414C-45D9-BE95-530727D33CE3}.Debug|Any CPU.ActiveCfg = Debug|Any CPU
		{C8F76832-414C-45D9-BE95-530727D33CE3}.Debug|Any CPU.Build.0 = Debug|Any CPU
		{C8F76832-414C-45D9-BE95-530727D33CE3}.Release|Any CPU.ActiveCfg = Release|Any CPU
		{C8F76832-414C-45D9-BE95-530727D33CE3}.Release|Any CPU.Build.0 = Release|Any CPU
	EndGlobalSection
	GlobalSection(SolutionProperties) = preSolution
		HideSolutionNode = FALSE
	EndGlobalSection
	GlobalSection(ExtensibilityGlobals) = postSolution
		SolutionGuid = {8C1B2483-FD9D-4C4D-9A59-43A142F27D0A}
	EndGlobalSection
EndGlobal
